
Microsoft Visual Studio Solution File, Format Version 12.00
# Visual Studio Version 17
VisualStudioVersion = 17.11.35312.102
MinimumVisualStudioVersion = 10.0.40219.1
Project("{9A19103F-16F7-4668-BE54-9A1E7A4F7556}") = "FruitablesAPI", "FruitablesAPI\FruitablesAPI.csproj", "{FD438AD9-817B-4E6E-9D4A-FD8F962C91F8}"
EndProject
Project("{9A19103F-16F7-4668-BE54-9A1E7A4F7556}") = "Entities", "Entities\Entities.csproj", "{2A2FEE4D-F468-411E-8793-3C788EC43E42}"
EndProject
Project("{9A19103F-16F7-4668-BE54-9A1E7A4F7556}") = "Repositories", "Repositories\Repositories.csproj", "{756EF721-F6FE-4758-A56A-23C8A8D248B0}"
EndProject
Project("{9A19103F-16F7-4668-BE54-9A1E7A4F7556}") = "Services", "Services\Services.csproj", "{C40E16EE-F3BB-4159-B85D-D5D27A347241}"
EndProject
Project("{9A19103F-16F7-4668-BE54-9A1E7A4F7556}") = "Presentation", "Presentation\Presentation.csproj", "{24A2C020-7B44-4E7F-A269-C72E2DA5319D}"
EndProject
Project("{FAE04EC0-301F-11D3-BF4B-00C04F79EFBC}") = "Fruitables", "Fruitables\Fruitables.csproj", "{129CD536-0967-4DC9-8469-7DA13C82A171}"
EndProject
Global
	GlobalSection(SolutionConfigurationPlatforms) = preSolution
		Debug|Any CPU = Debug|Any CPU
		Release|Any CPU = Release|Any CPU
	EndGlobalSection
	GlobalSection(ProjectConfigurationPlatforms) = postSolution
		{FD438AD9-817B-4E6E-9D4A-FD8F962C91F8}.Debug|Any CPU.ActiveCfg = Debug|Any CPU
		{FD438AD9-817B-4E6E-9D4A-FD8F962C91F8}.Debug|Any CPU.Build.0 = Debug|Any CPU
		{FD438AD9-817B-4E6E-9D4A-FD8F962C91F8}.Release|Any CPU.ActiveCfg = Release|Any CPU
		{FD438AD9-817B-4E6E-9D4A-FD8F962C91F8}.Release|Any CPU.Build.0 = Release|Any CPU
		{2A2FEE4D-F468-411E-8793-3C788EC43E42}.Debug|Any CPU.ActiveCfg = Debug|Any CPU
		{2A2FEE4D-F468-411E-8793-3C788EC43E42}.Debug|Any CPU.Build.0 = Debug|Any CPU
		{2A2FEE4D-F468-411E-8793-3C788EC43E42}.Release|Any CPU.ActiveCfg = Release|Any CPU
		{2A2FEE4D-F468-411E-8793-3C788EC43E42}.Release|Any CPU.Build.0 = Release|Any CPU
		{756EF721-F6FE-4758-A56A-23C8A8D248B0}.Debug|Any CPU.ActiveCfg = Debug|Any CPU
		{756EF721-F6FE-4758-A56A-23C8A8D248B0}.Debug|Any CPU.Build.0 = Debug|Any CPU
		{756EF721-F6FE-4758-A56A-23C8A8D248B0}.Release|Any CPU.ActiveCfg = Release|Any CPU
		{756EF721-F6FE-4758-A56A-23C8A8D248B0}.Release|Any CPU.Build.0 = Release|Any CPU
		{C40E16EE-F3BB-4159-B85D-D5D27A347241}.Debug|Any CPU.ActiveCfg = Debug|Any CPU
		{C40E16EE-F3BB-4159-B85D-D5D27A347241}.Debug|Any CPU.Build.0 = Debug|Any CPU
		{C40E16EE-F3BB-4159-B85D-D5D27A347241}.Release|Any CPU.ActiveCfg = Release|Any CPU
		{C40E16EE-F3BB-4159-B85D-D5D27A347241}.Release|Any CPU.Build.0 = Release|Any CPU
		{24A2C020-7B44-4E7F-A269-C72E2DA5319D}.Debug|Any CPU.ActiveCfg = Debug|Any CPU
		{24A2C020-7B44-4E7F-A269-C72E2DA5319D}.Debug|Any CPU.Build.0 = Debug|Any CPU
		{24A2C020-7B44-4E7F-A269-C72E2DA5319D}.Release|Any CPU.ActiveCfg = Release|Any CPU
		{24A2C020-7B44-4E7F-A269-C72E2DA5319D}.Release|Any CPU.Build.0 = Release|Any CPU
		{129CD536-0967-4DC9-8469-7DA13C82A171}.Debug|Any CPU.ActiveCfg = Debug|Any CPU
		{129CD536-0967-4DC9-8469-7DA13C82A171}.Debug|Any CPU.Build.0 = Debug|Any CPU
		{129CD536-0967-4DC9-8469-7DA13C82A171}.Release|Any CPU.ActiveCfg = Release|Any CPU
		{129CD536-0967-4DC9-8469-7DA13C82A171}.Release|Any CPU.Build.0 = Release|Any CPU
	EndGlobalSection
	GlobalSection(SolutionProperties) = preSolution
		HideSolutionNode = FALSE
	EndGlobalSection
	GlobalSection(ExtensibilityGlobals) = postSolution
		SolutionGuid = {A056D78E-0D87-4524-B44F-6BE5EA5AB74C}
	EndGlobalSection
EndGlobal
